{
  "requires": true,
  "lockfileVersion": 1,
  "dependencies": {
    "@jothepro/doxygen-awesome-css": {
      "version": "git+https://github.com/jothepro/doxygen-awesome-css.git#df83fbf22cfff76b875c13d324baf584c74e96d0",
      "from": "git+https://github.com/jothepro/doxygen-awesome-css.git#v2.2.1",
      "dev": true
    }
  }
}
